
Microsoft Visual Studio Solution File, Format Version 12.00
# Visual Studio Version 17
VisualStudioVersion = 17.8.34511.84
MinimumVisualStudioVersion = 10.0.40219.1
Project("{FAE04EC0-301F-11D3-BF4B-00C04F79EFBC}") = "RadioactiveDecayCalculating", "RadioactiveDecayCalculating\RadioactiveDecayCalculating.csproj", "{B87AEA27-5976-45FD-8FB1-646D407161C3}"
EndProject
Global
	GlobalSection(SolutionConfigurationPlatforms) = preSolution
		Debug|Any CPU = Debug|Any CPU
		Release|Any CPU = Release|Any CPU
	EndGlobalSection
	GlobalSection(ProjectConfigurationPlatforms) = postSolution
		{B87AEA27-5976-45FD-8FB1-646D407161C3}.Debug|Any CPU.ActiveCfg = Debug|Any CPU
		{B87AEA27-5976-45FD-8FB1-646D407161C3}.Debug|Any CPU.Build.0 = Debug|Any CPU
		{B87AEA27-5976-45FD-8FB1-646D407161C3}.Release|Any CPU.ActiveCfg = Release|Any CPU
		{B87AEA27-5976-45FD-8FB1-646D407161C3}.Release|Any CPU.Build.0 = Release|Any CPU
	EndGlobalSection
	GlobalSection(SolutionProperties) = preSolution
		HideSolutionNode = FALSE
	EndGlobalSection
	GlobalSection(ExtensibilityGlobals) = postSolution
		SolutionGuid = {317FF78B-832E-4915-8DB6-74EBB955AA2C}
	EndGlobalSection
EndGlobal
